// !$*UTF8*$!
{
	archiveVersion = 1;
	classes = {
	};
	objectVersion = 46;
	objects = {

/* Begin PBXBuildFile section */
		2A5C5EB71EDD647E00A664B0 /* RestaurantDetailViewController.swift in Sources */ = {isa = PBXBuildFile; fileRef = 2A5C5EB61EDD647E00A664B0 /* RestaurantDetailViewController.swift */; };
		2A612A311EB4F50D00A5CF3A /* AppDelegate.swift in Sources */ = {isa = PBXBuildFile; fileRef = 2A612A301EB4F50D00A5CF3A /* AppDelegate.swift */; };
		2A612A361EB4F50D00A5CF3A /* Main.storyboard in Resources */ = {isa = PBXBuildFile; fileRef = 2A612A341EB4F50D00A5CF3A /* Main.storyboard */; };
		2A612A381EB4F50D00A5CF3A /* Assets.xcassets in Resources */ = {isa = PBXBuildFile; fileRef = 2A612A371EB4F50D00A5CF3A /* Assets.xcassets */; };
		2A612A3B1EB4F50D00A5CF3A /* LaunchScreen.storyboard in Resources */ = {isa = PBXBuildFile; fileRef = 2A612A391EB4F50D00A5CF3A /* LaunchScreen.storyboard */; };
		2A612A431EB4F54200A5CF3A /* RestaurantViewController.swift in Sources */ = {isa = PBXBuildFile; fileRef = 2A612A421EB4F54200A5CF3A /* RestaurantViewController.swift */; };
		2A612A451EB4F5EF00A5CF3A /* restaurantsTableViewCell.swift in Sources */ = {isa = PBXBuildFile; fileRef = 2A612A441EB4F5EF00A5CF3A /* restaurantsTableViewCell.swift */; };
		2AC975761EEC648300D5BC87 /* reviewViewController.swift in Sources */ = {isa = PBXBuildFile; fileRef = 2AC975751EEC648300D5BC87 /* reviewViewController.swift */; };
		2ACC52711EE49ED80045FDC2 /* Restaurant.swift in Sources */ = {isa = PBXBuildFile; fileRef = 2ACC52701EE49ED80045FDC2 /* Restaurant.swift */; };
		2ACC52731EE4AADF0045FDC2 /* RestuarantDetailTableViewCell.swift in Sources */ = {isa = PBXBuildFile; fileRef = 2ACC52721EE4AADF0045FDC2 /* RestuarantDetailTableViewCell.swift */; };
/* End PBXBuildFile section */

/* Begin PBXFileReference section */
		2A5C5EB61EDD647E00A664B0 /* RestaurantDetailViewController.swift */ = {isa = PBXFileReference; fileEncoding = 4; lastKnownFileType = sourcecode.swift; path = RestaurantDetailViewController.swift; sourceTree = "<group>"; };
		2A612A2D1EB4F50D00A5CF3A /* Foodpin Practice.app */ = {isa = PBXFileReference; explicitFileType = wrapper.application; includeInIndex = 0; path = "Foodpin Practice.app"; sourceTree = BUILT_PRODUCTS_DIR; };
		2A612A301EB4F50D00A5CF3A /* AppDelegate.swift */ = {isa = PBXFileReference; lastKnownFileType = sourcecode.swift; path = AppDelegate.swift; sourceTree = "<group>"; };
		2A612A351EB4F50D00A5CF3A /* Base */ = {isa = PBXFileReference; lastKnownFileType = file.storyboard; name = Base; path = Base.lproj/Main.storyboard; sourceTree = "<group>"; };
		2A612A371EB4F50D00A5CF3A /* Assets.xcassets */ = {isa = PBXFileReference; lastKnownFileType = folder.assetcatalog; path = Assets.xcassets; sourceTree = "<group>"; };
		2A612A3A1EB4F50D00A5CF3A /* Base */ = {isa = PBXFileReference; lastKnownFileType = file.storyboard; name = Base; path = Base.lproj/LaunchScreen.storyboard; sourceTree = "<group>"; };
		2A612A3C1EB4F50D00A5CF3A /* Info.plist */ = {isa = PBXFileReference; lastKnownFileType = text.plist.xml; path = Info.plist; sourceTree = "<group>"; };
		2A612A421EB4F54200A5CF3A /* RestaurantViewController.swift */ = {isa = PBXFileReference; fileEncoding = 4; lastKnownFileType = sourcecode.swift; name = RestaurantViewController.swift; path = ../RestaurantViewController.swift; sourceTree = "<group>"; };
		2A612A441EB4F5EF00A5CF3A /* restaurantsTableViewCell.swift */ = {isa = PBXFileReference; fileEncoding = 4; lastKnownFileType = sourcecode.swift; name = restaurantsTableViewCell.swift; path = ../restaurantsTableViewCell.swift; sourceTree = "<group>"; };
		2AC975751EEC648300D5BC87 /* reviewViewController.swift */ = {isa = PBXFileReference; fileEncoding = 4; lastKnownFileType = sourcecode.swift; path = reviewViewController.swift; sourceTree = "<group>"; };
		2ACC52701EE49ED80045FDC2 /* Restaurant.swift */ = {isa = PBXFileReference; fileEncoding = 4; lastKnownFileType = sourcecode.swift; name = Restaurant.swift; path = ../Restaurant.swift; sourceTree = "<group>"; };
		2ACC52721EE4AADF0045FDC2 /* RestuarantDetailTableViewCell.swift */ = {isa = PBXFileReference; fileEncoding = 4; lastKnownFileType = sourcecode.swift; path = RestuarantDetailTableViewCell.swift; sourceTree = "<group>"; };
/* End PBXFileReference section */

/* Begin PBXFrameworksBuildPhase section */
		2A612A2A1EB4F50D00A5CF3A /* Frameworks */ = {
			isa = PBXFrameworksBuildPhase;
			buildActionMask = 2147483647;
			files = (
			);
			runOnlyForDeploymentPostprocessing = 0;
		};
/* End PBXFrameworksBuildPhase section */

/* Begin PBXGroup section */
		2A612A241EB4F50D00A5CF3A = {
			isa = PBXGroup;
			children = (
				2A612A2F1EB4F50D00A5CF3A /* Foodpin Practice */,
				2A612A2E1EB4F50D00A5CF3A /* Products */,
			);
			sourceTree = "<group>";
		};
		2A612A2E1EB4F50D00A5CF3A /* Products */ = {
			isa = PBXGroup;
			children = (
				2A612A2D1EB4F50D00A5CF3A /* Foodpin Practice.app */,
			);
			name = Products;
			sourceTree = "<group>";
		};
		2A612A2F1EB4F50D00A5CF3A /* Foodpin Practice */ = {
			isa = PBXGroup;
			children = (
				2A612A301EB4F50D00A5CF3A /* AppDelegate.swift */,
				2A612A421EB4F54200A5CF3A /* RestaurantViewController.swift */,
				2A612A441EB4F5EF00A5CF3A /* restaurantsTableViewCell.swift */,
				2A5C5EB61EDD647E00A664B0 /* RestaurantDetailViewController.swift */,
				2ACC52721EE4AADF0045FDC2 /* RestuarantDetailTableViewCell.swift */,
				2ACC52701EE49ED80045FDC2 /* Restaurant.swift */,
				2AC975751EEC648300D5BC87 /* reviewViewController.swift */,
				2A612A341EB4F50D00A5CF3A /* Main.storyboard */,
				2A612A371EB4F50D00A5CF3A /* Assets.xcassets */,
				2A612A391EB4F50D00A5CF3A /* LaunchScreen.storyboard */,
				2A612A3C1EB4F50D00A5CF3A /* Info.plist */,
			);
			path = "Foodpin Practice";
			sourceTree = "<group>";
		};
/* End PBXGroup section */

/* Begin PBXNativeTarget section */
		2A612A2C1EB4F50D00A5CF3A /* Foodpin Practice */ = {
			isa = PBXNativeTarget;
			buildConfigurationList = 2A612A3F1EB4F50D00A5CF3A /* Build configuration list for PBXNativeTarget "Foodpin Practice" */;
			buildPhases = (
				2A612A291EB4F50D00A5CF3A /* Sources */,
				2A612A2A1EB4F50D00A5CF3A /* Frameworks */,
				2A612A2B1EB4F50D00A5CF3A /* Resources */,
			);
			buildRules = (
			);
			dependencies = (
			);
			name = "Foodpin Practice";
			productName = "Foodpin Practice";
			productReference = 2A612A2D1EB4F50D00A5CF3A /* Foodpin Practice.app */;
			productType = "com.apple.product-type.application";
		};
/* End PBXNativeTarget section */

/* Begin PBXProject section */
		2A612A251EB4F50D00A5CF3A /* Project object */ = {
			isa = PBXProject;
			attributes = {
				LastSwiftUpdateCheck = 0830;
				LastUpgradeCheck = 0830;
				ORGANIZATIONNAME = ayush;
				TargetAttributes = {
					2A612A2C1EB4F50D00A5CF3A = {
						CreatedOnToolsVersion = 8.3;
						DevelopmentTeam = 4FUFV9ADLZ;
						ProvisioningStyle = Automatic;
					};
				};
			};
			buildConfigurationList = 2A612A281EB4F50D00A5CF3A /* Build configuration list for PBXProject "Foodpin Practice" */;
			compatibilityVersion = "Xcode 3.2";
			developmentRegion = English;
			hasScannedForEncodings = 0;
			knownRegions = (
				en,
				Base,
			);
			mainGroup = 2A612A241EB4F50D00A5CF3A;
			productRefGroup = 2A612A2E1EB4F50D00A5CF3A /* Products */;
			projectDirPath = "";
			projectRoot = "";
			targets = (
				2A612A2C1EB4F50D00A5CF3A /* Foodpin Practice */,
			);
		};
/* End PBXProject section */

/* Begin PBXResourcesBuildPhase section */
		2A612A2B1EB4F50D00A5CF3A /* Resources */ = {
			isa = PBXResourcesBuildPhase;
			buildActionMask = 2147483647;
			files = (
				2A612A3B1EB4F50D00A5CF3A /* LaunchScreen.storyboard in Resources */,
				2A612A381EB4F50D00A5CF3A /* Assets.xcassets in Resources */,
				2A612A361EB4F50D00A5CF3A /* Main.storyboard in Resources */,
			);
			runOnlyForDeploymentPostprocessing = 0;
		};
/* End PBXResourcesBuildPhase section */

/* Begin PBXSourcesBuildPhase section */
		2A612A291EB4F50D00A5CF3A /* Sources */ = {
			isa = PBXSourcesBuildPhase;
			buildActionMask = 2147483647;
			files = (
				2ACC52731EE4AADF0045FDC2 /* RestuarantDetailTableViewCell.swift in Sources */,
				2ACC52711EE49ED80045FDC2 /* Restaurant.swift in Sources */,
				2A612A451EB4F5EF00A5CF3A /* restaurantsTableViewCell.swift in Sources */,
				2A612A311EB4F50D00A5CF3A /* AppDelegate.swift in Sources */,
				2A5C5EB71EDD647E00A664B0 /* RestaurantDetailViewController.swift in Sources */,
				2A612A431EB4F54200A5CF3A /* RestaurantViewController.swift in Sources */,
				2AC975761EEC648300D5BC87 /* reviewViewController.swift in Sources */,
			);
			runOnlyForDeploymentPostprocessing = 0;
		};
/* End PBXSourcesBuildPhase section */

/* Begin PBXVariantGroup section */
		2A612A341EB4F50D00A5CF3A /* Main.storyboard */ = {
			isa = PBXVariantGroup;
			children = (
				2A612A351EB4F50D00A5CF3A /* Base */,
			);
			name = Main.storyboard;
			sourceTree = "<group>";
		};
		2A612A391EB4F50D00A5CF3A /* LaunchScreen.storyboard */ = {
			isa = PBXVariantGroup;
			children = (
				2A612A3A1EB4F50D00A5CF3A /* Base */,
			);
			name = LaunchScreen.storyboard;
			sourceTree = "<group>";
		};
/* End PBXVariantGroup section */

/* Begin XCBuildConfiguration section */
		2A612A3D1EB4F50D00A5CF3A /* Debug */ = {
			isa = XCBuildConfiguration;
			buildSettings = {
				ALWAYS_SEARCH_USER_PATHS = NO;
				CLANG_ANALYZER_NONNULL = YES;
				CLANG_ANALYZER_NUMBER_OBJECT_CONVERSION = YES_AGGRESSIVE;
				CLANG_CXX_LANGUAGE_STANDARD = "gnu++0x";
				CLANG_CXX_LIBRARY = "libc++";
				CLANG_ENABLE_MODULES = YES;
				CLANG_ENABLE_OBJC_ARC = YES;
				CLANG_WARN_BOOL_CONVERSION = YES;
				CLANG_WARN_CONSTANT_CONVERSION = YES;
				CLANG_WARN_DIRECT_OBJC_ISA_USAGE = YES_ERROR;
				CLANG_WARN_DOCUMENTATION_COMMENTS = YES;
				CLANG_WARN_EMPTY_BODY = YES;
				CLANG_WARN_ENUM_CONVERSION = YES;
				CLANG_WARN_INFINITE_RECURSION = YES;
				CLANG_WARN_INT_CONVERSION = YES;
				CLANG_WARN_OBJC_ROOT_CLASS = YES_ERROR;
				CLANG_WARN_SUSPICIOUS_MOVE = YES;
				CLANG_WARN_UNREACHABLE_CODE = YES;
				CLANG_WARN__DUPLICATE_METHOD_MATCH = YES;
				"CODE_SIGN_IDENTITY[sdk=iphoneos*]" = "iPhone Developer";
				COPY_PHASE_STRIP = NO;
				DEBUG_INFORMATION_FORMAT = dwarf;
				ENABLE_STRICT_OBJC_MSGSEND = YES;
				ENABLE_TESTABILITY = YES;
				GCC_C_LANGUAGE_STANDARD = gnu99;
				GCC_DYNAMIC_NO_PIC = NO;
				GCC_NO_COMMON_BLOCKS = YES;
				GCC_OPTIMIZATION_LEVEL = 0;
				GCC_PREPROCESSOR_DEFINITIONS = (
					"DEBUG=1",
					"$(inherited)",
				);
				GCC_WARN_64_TO_32_BIT_CONVERSION = YES;
				GCC_WARN_ABOUT_RETURN_TYPE = YES_ERROR;
				GCC_WARN_UNDECLARED_SELECTOR = YES;
				GCC_WARN_UNINITIALIZED_AUTOS = YES_AGGRESSIVE;
				GCC_WARN_UNUSED_FUNCTION = YES;
				GCC_WARN_UNUSED_VARIABLE = YES;
				IPHONEOS_DEPLOYMENT_TARGET = 10.3;
				MTL_ENABLE_DEBUG_INFO = YES;
				ONLY_ACTIVE_ARCH = YES;
				SDKROOT = iphoneos;
				SWIFT_ACTIVE_COMPILATION_CONDITIONS = DEBUG;
				SWIFT_OPTIMIZATION_LEVEL = "-Onone";
				TARGETED_DEVICE_FAMILY = "1,2";
			};
			name = Debug;
		};
		2A612A3E1EB4F50D00A5CF3A /* Release */ = {
			isa = XCBuildConfiguration;
			buildSettings = {
				ALWAYS_SEARCH_USER_PATHS = NO;
				CLANG_ANALYZER_NONNULL = YES;
				CLANG_ANALYZER_NUMBER_OBJECT_CONVERSION = YES_AGGRESSIVE;
				CLANG_CXX_LANGUAGE_STANDARD = "gnu++0x";
				CLANG_CXX_LIBRARY = "libc++";
				CLANG_ENABLE_MODULES = YES;
				CLANG_ENABLE_OBJC_ARC = YES;
				CLANG_WARN_BOOL_CONVERSION = YES;
				CLANG_WARN_CONSTANT_CONVERSION = YES;
				CLANG_WARN_DIRECT_OBJC_ISA_USAGE = YES_ERROR;
				CLANG_WARN_DOCUMENTATION_COMMENTS = YES;
				CLANG_WARN_EMPTY_BODY = YES;
				CLANG_WARN_ENUM_CONVERSION = YES;
				CLANG_WARN_INFINITE_RECURSION = YES;
				CLANG_WARN_INT_CONVERSION = YES;
				CLANG_WARN_OBJC_ROOT_CLASS = YES_ERROR;
				CLANG_WARN_SUSPICIOUS_MOVE = YES;
				CLANG_WARN_UNREACHABLE_CODE = YES;
				CLANG_WARN__DUPLICATE_METHOD_MATCH = YES;
				"CODE_SIGN_IDENTITY[sdk=iphoneos*]" = "iPhone Developer";
				COPY_PHASE_STRIP = NO;
				DEBUG_INFORMATION_FORMAT = "dwarf-with-dsym";
				ENABLE_NS_ASSERTIONS = NO;
				ENABLE_STRICT_OBJC_MSGSEND = YES;
				GCC_C_LANGUAGE_STANDARD = gnu99;
				GCC_NO_COMMON_BLOCKS = YES;
				GCC_WARN_64_TO_32_BIT_CONVERSION = YES;
				GCC_WARN_ABOUT_RETURN_TYPE = YES_ERROR;
				GCC_WARN_UNDECLARED_SELECTOR = YES;
				GCC_WARN_UNINITIALIZED_AUTOS = YES_AGGRESSIVE;
				GCC_WARN_UNUSED_FUNCTION = YES;
				GCC_WARN_UNUSED_VARIABLE = YES;
				IPHONEOS_DEPLOYMENT_TARGET = 10.3;
				MTL_ENABLE_DEBUG_INFO = NO;
				SDKROOT = iphoneos;
				SWIFT_OPTIMIZATION_LEVEL = "-Owholemodule";
				TARGETED_DEVICE_FAMILY = "1,2";
				VALIDATE_PRODUCT = YES;
			};
			name = Release;
		};
		2A612A401EB4F50D00A5CF3A /* Debug */ = {
			isa = XCBuildConfiguration;
			buildSettings = {
				ASSETCATALOG_COMPILER_APPICON_NAME = AppIcon;
				DEVELOPMENT_TEAM = 4FUFV9ADLZ;
				INFOPLIST_FILE = "Foodpin Practice/Info.plist";
				LD_RUNPATH_SEARCH_PATHS = "$(inherited) @executable_path/Frameworks";
				PRODUCT_BUNDLE_IDENTIFIER = "com.AyuDhi-developers.Foodpin-Practice";
				PRODUCT_NAME = "$(TARGET_NAME)";
				SWIFT_VERSION = 3.0;
			};
			name = Debug;
		};
		2A612A411EB4F50D00A5CF3A /* Release */ = {
			isa = XCBuildConfiguration;
			buildSettings = {
				ASSETCATALOG_COMPILER_APPICON_NAME = AppIcon;
				DEVELOPMENT_TEAM = 4FUFV9ADLZ;
				INFOPLIST_FILE = "Foodpin Practice/Info.plist";
				LD_RUNPATH_SEARCH_PATHS = "$(inherited) @executable_path/Frameworks";
				PRODUCT_BUNDLE_IDENTIFIER = "com.AyuDhi-developers.Foodpin-Practice";
				PRODUCT_NAME = "$(TARGET_NAME)";
				SWIFT_VERSION = 3.0;
			};
			name = Release;
		};
/* End XCBuildConfiguration section */

/* Begin XCConfigurationList section */
		2A612A281EB4F50D00A5CF3A /* Build configuration list for PBXProject "Foodpin Practice" */ = {
			isa = XCConfigurationList;
			buildConfigurations = (
				2A612A3D1EB4F50D00A5CF3A /* Debug */,
				2A612A3E1EB4F50D00A5CF3A /* Release */,
			);
			defaultConfigurationIsVisible = 0;
			defaultConfigurationName = Release;
		};
		2A612A3F1EB4F50D00A5CF3A /* Build configuration list for PBXNativeTarget "Foodpin Practice" */ = {
			isa = XCConfigurationList;
			buildConfigurations = (
				2A612A401EB4F50D00A5CF3A /* Debug */,
				2A612A411EB4F50D00A5CF3A /* Release */,
			);
			defaultConfigurationIsVisible = 0;
			defaultConfigurationName = Release;
		};
/* End XCConfigurationList section */
	};
	rootObject = 2A612A251EB4F50D00A5CF3A /* Project object */;
}
